
Microsoft Visual Studio Solution File, Format Version 12.00
# Visual Studio Version 17
VisualStudioVersion = 17.7.34024.191
MinimumVisualStudioVersion = 10.0.40219.1
Project("{FAE04EC0-301F-11D3-BF4B-00C04F79EFBC}") = "musicPlayerUI", "WpfApp1\musicPlayerUI.csproj", "{17553838-AB48-406C-9083-F13BC8571AE6}"
EndProject
Global
	GlobalSection(SolutionConfigurationPlatforms) = preSolution
		Debug|Any CPU = Debug|Any CPU
		Release|Any CPU = Release|Any CPU
	EndGlobalSection
	GlobalSection(ProjectConfigurationPlatforms) = postSolution
		{17553838-AB48-406C-9083-F13BC8571AE6}.Debug|Any CPU.ActiveCfg = Debug|Any CPU
		{17553838-AB48-406C-9083-F13BC8571AE6}.Debug|Any CPU.Build.0 = Debug|Any CPU
		{17553838-AB48-406C-9083-F13BC8571AE6}.Release|Any CPU.ActiveCfg = Release|Any CPU
		{17553838-AB48-406C-9083-F13BC8571AE6}.Release|Any CPU.Build.0 = Release|Any CPU
	EndGlobalSection
	GlobalSection(SolutionProperties) = preSolution
		HideSolutionNode = FALSE
	EndGlobalSection
	GlobalSection(ExtensibilityGlobals) = postSolution
		SolutionGuid = {B1B95908-10E4-443E-9048-73CFC5E9852C}
	EndGlobalSection
EndGlobal
